
Microsoft Visual Studio Solution File, Format Version 12.00
# Visual Studio 14
VisualStudioVersion = 14.0.25420.1
MinimumVisualStudioVersion = 10.0.40219.1
Project("{8BC9CEB8-8B4A-11D0-8D11-00A0C91BC942}") = "JungleAdventure", "JungleAdventure\JungleAdventure.vcxproj", "{E8AEA122-AD29-4638-9EC6-3DE42C6A605A}"
	ProjectSection(ProjectDependencies) = postProject
		{3E2B6AE6-5709-49F7-95A0-2798D10D9339} = {3E2B6AE6-5709-49F7-95A0-2798D10D9339}
	EndProjectSection
EndProject
Project("{8BC9CEB8-8B4A-11D0-8D11-00A0C91BC942}") = "Lengine", "Lengine\Lengine.vcxproj", "{3E2B6AE6-5709-49F7-95A0-2798D10D9339}"
EndProject
Project("{8BC9CEB8-8B4A-11D0-8D11-00A0C91BC942}") = "Test", "Test\Test.vcxproj", "{95FA8C68-21C6-4A5B-BC70-0483237D0166}"
EndProject
Global
	GlobalSection(SolutionConfigurationPlatforms) = preSolution
		Debug|x64 = Debug|x64
		Debug|x86 = Debug|x86
		Release|x64 = Release|x64
		Release|x86 = Release|x86
	EndGlobalSection
	GlobalSection(ProjectConfigurationPlatforms) = postSolution
		{E8AEA122-AD29-4638-9EC6-3DE42C6A605A}.Debug|x64.ActiveCfg = Debug|x64
		{E8AEA122-AD29-4638-9EC6-3DE42C6A605A}.Debug|x64.Build.0 = Debug|x64
		{E8AEA122-AD29-4638-9EC6-3DE42C6A605A}.Debug|x86.ActiveCfg = Debug|Win32
		{E8AEA122-AD29-4638-9EC6-3DE42C6A605A}.Debug|x86.Build.0 = Debug|Win32
		{E8AEA122-AD29-4638-9EC6-3DE42C6A605A}.Release|x64.ActiveCfg = Release|x64
		{E8AEA122-AD29-4638-9EC6-3DE42C6A605A}.Release|x64.Build.0 = Release|x64
		{E8AEA122-AD29-4638-9EC6-3DE42C6A605A}.Release|x86.ActiveCfg = Release|Win32
		{E8AEA122-AD29-4638-9EC6-3DE42C6A605A}.Release|x86.Build.0 = Release|Win32
		{3E2B6AE6-5709-49F7-95A0-2798D10D9339}.Debug|x64.ActiveCfg = Debug|x64
		{3E2B6AE6-5709-49F7-95A0-2798D10D9339}.Debug|x64.Build.0 = Debug|x64
		{3E2B6AE6-5709-49F7-95A0-2798D10D9339}.Debug|x86.ActiveCfg = Debug|Win32
		{3E2B6AE6-5709-49F7-95A0-2798D10D9339}.Debug|x86.Build.0 = Debug|Win32
		{3E2B6AE6-5709-49F7-95A0-2798D10D9339}.Release|x64.ActiveCfg = Release|x64
		{3E2B6AE6-5709-49F7-95A0-2798D10D9339}.Release|x64.Build.0 = Release|x64
		{3E2B6AE6-5709-49F7-95A0-2798D10D9339}.Release|x86.ActiveCfg = Release|Win32
		{3E2B6AE6-5709-49F7-95A0-2798D10D9339}.Release|x86.Build.0 = Release|Win32
		{95FA8C68-21C6-4A5B-BC70-0483237D0166}.Debug|x64.ActiveCfg = Debug|x64
		{95FA8C68-21C6-4A5B-BC70-0483237D0166}.Debug|x64.Build.0 = Debug|x64
		{95FA8C68-21C6-4A5B-BC70-0483237D0166}.Debug|x86.ActiveCfg = Debug|Win32
		{95FA8C68-21C6-4A5B-BC70-0483237D0166}.Debug|x86.Build.0 = Debug|Win32
		{95FA8C68-21C6-4A5B-BC70-0483237D0166}.Release|x64.ActiveCfg = Release|x64
		{95FA8C68-21C6-4A5B-BC70-0483237D0166}.Release|x64.Build.0 = Release|x64
		{95FA8C68-21C6-4A5B-BC70-0483237D0166}.Release|x86.ActiveCfg = Release|Win32
		{95FA8C68-21C6-4A5B-BC70-0483237D0166}.Release|x86.Build.0 = Release|Win32
	EndGlobalSection
	GlobalSection(SolutionProperties) = preSolution
		HideSolutionNode = FALSE
	EndGlobalSection
EndGlobal
