<?xml version="1.0" encoding="utf-8"?>
<Project ToolsVersion="4.0" xmlns="http://schemas.microsoft.com/developer/msbuild/2003">
  <ItemGroup>
    <Filter Include="源文件">
      <UniqueIdentifier>{4FC737F1-C7A5-4376-A066-2A32D752A2FF}</UniqueIdentifier>
      <Extensions>cpp;c;cc;cxx;def;odl;idl;hpj;bat;asm;asmx</Extensions>
    </Filter>
    <Filter Include="头文件">
      <UniqueIdentifier>{93995380-89BD-4b04-88EB-625FBE52EBFB}</UniqueIdentifier>
      <Extensions>h;hh;hpp;hxx;hm;inl;inc;xsd</Extensions>
    </Filter>
    <Filter Include="资源文件">
      <UniqueIdentifier>{67DA6AB6-F800-4c08-8B7A-83BB121AAD01}</UniqueIdentifier>
      <Extensions>rc;ico;cur;bmp;dlg;rc2;rct;bin;rgs;gif;jpg;jpeg;jpe;resx;tiff;tif;png;wav;mfcribbon-ms</Extensions>
    </Filter>
  </ItemGroup>
  <ItemGroup>
    <Text Include="ReadMe.txt" />
  </ItemGroup>
  <ItemGroup>
    <ClCompile Include="AudioEngine.cpp">
      <Filter>源文件</Filter>
    </ClCompile>
    <ClCompile Include="Camera.cpp">
      <Filter>源文件</Filter>
    </ClCompile>
    <ClCompile Include="DebugRender.cpp">
      <Filter>源文件</Filter>
    </ClCompile>
    <ClCompile Include="FatalError.cpp">
      <Filter>源文件</Filter>
    </ClCompile>
    <ClCompile Include="FileIO.cpp">
      <Filter>源文件</Filter>
    </ClCompile>
    <ClCompile Include="GameEngine.cpp">
      <Filter>源文件</Filter>
    </ClCompile>
    <ClCompile Include="Gif.cpp">
      <Filter>源文件</Filter>
    </ClCompile>
    <ClCompile Include="GUI.cpp">
      <Filter>源文件</Filter>
    </ClCompile>
    <ClCompile Include="IMainGame.cpp">
      <Filter>源文件</Filter>
    </ClCompile>
    <ClCompile Include="InputManager.cpp">
      <Filter>源文件</Filter>
    </ClCompile>
    <ClCompile Include="IScreen.cpp">
      <Filter>源文件</Filter>
    </ClCompile>
    <ClCompile Include="ParticleEngine.cpp">
      <Filter>源文件</Filter>
    </ClCompile>
    <ClCompile Include="ScreenList.cpp">
      <Filter>源文件</Filter>
    </ClCompile>
    <ClCompile Include="ShaderPro.cpp">
      <Filter>源文件</Filter>
    </ClCompile>
    <ClCompile Include="SpriteBatch.cpp">
      <Filter>源文件</Filter>
    </ClCompile>
    <ClCompile Include="TextureCache.cpp">
      <Filter>源文件</Filter>
    </ClCompile>
    <ClCompile Include="Timing.cpp">
      <Filter>源文件</Filter>
    </ClCompile>
    <ClCompile Include="Window.cpp">
      <Filter>源文件</Filter>
    </ClCompile>
    <ClCompile Include="SpriteFont.cpp">
      <Filter>源文件</Filter>
    </ClCompile>
    <ClCompile Include="ParticleBatch.cpp">
      <Filter>源文件</Filter>
    </ClCompile>
  </ItemGroup>
  <ItemGroup>
    <ClInclude Include="AudioEngine.h">
      <Filter>头文件</Filter>
    </ClInclude>
    <ClInclude Include="Camera.h">
      <Filter>头文件</Filter>
    </ClInclude>
    <ClInclude Include="DebugRender.h">
      <Filter>头文件</Filter>
    </ClInclude>
    <ClInclude Include="FatalError.h">
      <Filter>头文件</Filter>
    </ClInclude>
    <ClInclude Include="FileIO.h">
      <Filter>头文件</Filter>
    </ClInclude>
    <ClInclude Include="GameEngine.h">
      <Filter>头文件</Filter>
    </ClInclude>
    <ClInclude Include="Gif.h">
      <Filter>头文件</Filter>
    </ClInclude>
    <ClInclude Include="GUI.h">
      <Filter>头文件</Filter>
    </ClInclude>
    <ClInclude Include="IMainGame.h">
      <Filter>头文件</Filter>
    </ClInclude>
    <ClInclude Include="InputManager.h">
      <Filter>头文件</Filter>
    </ClInclude>
    <ClInclude Include="IScreen.h">
      <Filter>头文件</Filter>
    </ClInclude>
    <ClInclude Include="ParticleBatch.h">
      <Filter>头文件</Filter>
    </ClInclude>
    <ClInclude Include="ParticleEngine.h">
      <Filter>头文件</Filter>
    </ClInclude>
    <ClInclude Include="ScreenList.h">
      <Filter>头文件</Filter>
    </ClInclude>
    <ClInclude Include="ShaderPro.h">
      <Filter>头文件</Filter>
    </ClInclude>
    <ClInclude Include="SpriteBatch.h">
      <Filter>头文件</Filter>
    </ClInclude>
    <ClInclude Include="TextureCache.h">
      <Filter>头文件</Filter>
    </ClInclude>
    <ClInclude Include="Timing.h">
      <Filter>头文件</Filter>
    </ClInclude>
    <ClInclude Include="Vertex.h">
      <Filter>头文件</Filter>
    </ClInclude>
    <ClInclude Include="Window.h">
      <Filter>头文件</Filter>
    </ClInclude>
    <ClInclude Include="SpriteFont.h">
      <Filter>头文件</Filter>
    </ClInclude>
  </ItemGroup>
  <ItemGroup>
    <None Include="ClassDiagram.cd" />
  </ItemGroup>
</Project>